
Microsoft Visual Studio Solution File, Format Version 12.00
# Visual Studio 2012
Project("{FAE04EC0-301F-11D3-BF4B-00C04F79EFBC}") = "DynamicSQL", "DynamicSQL\DynamicSQL.csproj", "{BC396BAF-8113-4C79-9AA6-B6856763EFA7}"
EndProject
Project("{FAE04EC0-301F-11D3-BF4B-00C04F79EFBC}") = "Demo", "Demo\Demo.csproj", "{5B52A326-24CC-44D6-B5BC-FCDD610D950E}"
EndProject
Global
	GlobalSection(SolutionConfigurationPlatforms) = preSolution
		Debug|Any CPU = Debug|Any CPU
		Release|Any CPU = Release|Any CPU
	EndGlobalSection
	GlobalSection(ProjectConfigurationPlatforms) = postSolution
		{BC396BAF-8113-4C79-9AA6-B6856763EFA7}.Debug|Any CPU.ActiveCfg = Debug|Any CPU
		{BC396BAF-8113-4C79-9AA6-B6856763EFA7}.Debug|Any CPU.Build.0 = Debug|Any CPU
		{BC396BAF-8113-4C79-9AA6-B6856763EFA7}.Release|Any CPU.ActiveCfg = Release|Any CPU
		{BC396BAF-8113-4C79-9AA6-B6856763EFA7}.Release|Any CPU.Build.0 = Release|Any CPU
		{5B52A326-24CC-44D6-B5BC-FCDD610D950E}.Debug|Any CPU.ActiveCfg = Debug|Any CPU
		{5B52A326-24CC-44D6-B5BC-FCDD610D950E}.Debug|Any CPU.Build.0 = Debug|Any CPU
		{5B52A326-24CC-44D6-B5BC-FCDD610D950E}.Release|Any CPU.ActiveCfg = Release|Any CPU
		{5B52A326-24CC-44D6-B5BC-FCDD610D950E}.Release|Any CPU.Build.0 = Release|Any CPU
	EndGlobalSection
	GlobalSection(SolutionProperties) = preSolution
		HideSolutionNode = FALSE
	EndGlobalSection
EndGlobal
